
Microsoft Visual Studio Solution File, Format Version 12.00
# Visual Studio Version 17
VisualStudioVersion = 17.4.33205.214
MinimumVisualStudioVersion = 10.0.40219.1
Project("{FAE04EC0-301F-11D3-BF4B-00C04F79EFBC}") = "IT213_Key_Unit8", "IT213_Key_Unit8\IT213_Key_Unit8.csproj", "{E2A0E98F-A0E0-4FB8-882B-8D3A7024B4CF}"
EndProject
Global
	GlobalSection(SolutionConfigurationPlatforms) = preSolution
		Debug|Any CPU = Debug|Any CPU
		Release|Any CPU = Release|Any CPU
	EndGlobalSection
	GlobalSection(ProjectConfigurationPlatforms) = postSolution
		{E2A0E98F-A0E0-4FB8-882B-8D3A7024B4CF}.Debug|Any CPU.ActiveCfg = Debug|Any CPU
		{E2A0E98F-A0E0-4FB8-882B-8D3A7024B4CF}.Debug|Any CPU.Build.0 = Debug|Any CPU
		{E2A0E98F-A0E0-4FB8-882B-8D3A7024B4CF}.Release|Any CPU.ActiveCfg = Release|Any CPU
		{E2A0E98F-A0E0-4FB8-882B-8D3A7024B4CF}.Release|Any CPU.Build.0 = Release|Any CPU
	EndGlobalSection
	GlobalSection(SolutionProperties) = preSolution
		HideSolutionNode = FALSE
	EndGlobalSection
	GlobalSection(ExtensibilityGlobals) = postSolution
		SolutionGuid = {2DA266E4-38C0-4F03-BEDE-713500BE59A7}
	EndGlobalSection
EndGlobal
